
Microsoft Visual Studio Solution File, Format Version 12.00
# Visual Studio Version 17
VisualStudioVersion = 17.1.32414.318
MinimumVisualStudioVersion = 10.0.40219.1
Project("{FAE04EC0-301F-11D3-BF4B-00C04F79EFBC}") = "PRJCalculoIdade", "PRJCalculoIdade\PRJCalculoIdade.csproj", "{0B707E6C-3771-474A-8B20-F0F80B7511BA}"
EndProject
Global
	GlobalSection(SolutionConfigurationPlatforms) = preSolution
		Debug|Any CPU = Debug|Any CPU
		Release|Any CPU = Release|Any CPU
	EndGlobalSection
	GlobalSection(ProjectConfigurationPlatforms) = postSolution
		{0B707E6C-3771-474A-8B20-F0F80B7511BA}.Debug|Any CPU.ActiveCfg = Debug|Any CPU
		{0B707E6C-3771-474A-8B20-F0F80B7511BA}.Debug|Any CPU.Build.0 = Debug|Any CPU
		{0B707E6C-3771-474A-8B20-F0F80B7511BA}.Release|Any CPU.ActiveCfg = Release|Any CPU
		{0B707E6C-3771-474A-8B20-F0F80B7511BA}.Release|Any CPU.Build.0 = Release|Any CPU
	EndGlobalSection
	GlobalSection(SolutionProperties) = preSolution
		HideSolutionNode = FALSE
	EndGlobalSection
	GlobalSection(ExtensibilityGlobals) = postSolution
		SolutionGuid = {6130C2C3-C74F-4179-8C88-4B396C055641}
	EndGlobalSection
EndGlobal
